
Microsoft Visual Studio Solution File, Format Version 11.00
# Visual Studio 2010
Project("{FAE04EC0-301F-11D3-BF4B-00C04F79EFBC}") = "MyFirstMVC", "MyFirstMVC\MyFirstMVC.csproj", "{480ED112-1FDE-4BEF-99EC-303699F3D2D0}"
EndProject
Project("{FAE04EC0-301F-11D3-BF4B-00C04F79EFBC}") = "MyFirstMVC.Tests", "MyFirstMVC.Tests\MyFirstMVC.Tests.csproj", "{E5193444-7C1F-4676-AADD-7D1128B5C965}"
EndProject
Global
	GlobalSection(SolutionConfigurationPlatforms) = preSolution
		Debug|Any CPU = Debug|Any CPU
		Release|Any CPU = Release|Any CPU
	EndGlobalSection
	GlobalSection(ProjectConfigurationPlatforms) = postSolution
		{480ED112-1FDE-4BEF-99EC-303699F3D2D0}.Debug|Any CPU.ActiveCfg = Debug|Any CPU
		{480ED112-1FDE-4BEF-99EC-303699F3D2D0}.Debug|Any CPU.Build.0 = Debug|Any CPU
		{480ED112-1FDE-4BEF-99EC-303699F3D2D0}.Release|Any CPU.ActiveCfg = Release|Any CPU
		{480ED112-1FDE-4BEF-99EC-303699F3D2D0}.Release|Any CPU.Build.0 = Release|Any CPU
		{E5193444-7C1F-4676-AADD-7D1128B5C965}.Debug|Any CPU.ActiveCfg = Debug|Any CPU
		{E5193444-7C1F-4676-AADD-7D1128B5C965}.Debug|Any CPU.Build.0 = Debug|Any CPU
		{E5193444-7C1F-4676-AADD-7D1128B5C965}.Release|Any CPU.ActiveCfg = Release|Any CPU
		{E5193444-7C1F-4676-AADD-7D1128B5C965}.Release|Any CPU.Build.0 = Release|Any CPU
	EndGlobalSection
	GlobalSection(SolutionProperties) = preSolution
		HideSolutionNode = FALSE
	EndGlobalSection
EndGlobal
